# THIS IS AN AUTOGENERATED FILE. DO NOT EDIT THIS FILE DIRECTLY.
# yarn lockfile v1


faker@^5.2.0:
  version "5.2.0"
  resolved "https://registry.yarnpkg.com/faker/-/faker-5.2.0.tgz#5ee7ca475737eda8cf59c0cbaae5f5068e668dd9"
  integrity sha512-UlrF1NNRIdzEPtBcy5l8JTlnXQZdz+4pQc3v2TAVocW39nnczCNQ0g0CBKgPGISJPzA2DqJVN1kdr+FCRFdN5g==

node-fetch@^2.6.1:
  version "2.6.1"
  resolved "https://registry.yarnpkg.com/node-fetch/-/node-fetch-2.6.1.tgz#045bd323631f76ed2e2b55573394416b639a0052"
  integrity sha512-V4aYg89jEoVRxRb2fJdAg8FHvI7cEyYdVAh94HH0UIK8oJxUfkjlDQN9RbMx+bEjP7+ggMiFRprSti032Oipxw==
